// !$*UTF8*$!
{
	archiveVersion = 1;
	classes = {
	};
	objectVersion = 46;
	objects = {

/* Begin PBXBuildFile section */
		4D3A726915C6577B000443E6 /* UIKit.framework in Frameworks */ = {isa = PBXBuildFile; fileRef = 4D3A726815C6577B000443E6 /* UIKit.framework */; };
		4D3A726B15C6577B000443E6 /* Foundation.framework in Frameworks */ = {isa = PBXBuildFile; fileRef = 4D3A726A15C6577B000443E6 /* Foundation.framework */; };
		4D3A726D15C6577B000443E6 /* CoreGraphics.framework in Frameworks */ = {isa = PBXBuildFile; fileRef = 4D3A726C15C6577B000443E6 /* CoreGraphics.framework */; };
		4D3A727315C6577B000443E6 /* InfoPlist.strings in Resources */ = {isa = PBXBuildFile; fileRef = 4D3A727115C6577B000443E6 /* InfoPlist.strings */; };
		4D3A727515C6577B000443E6 /* main.m in Sources */ = {isa = PBXBuildFile; fileRef = 4D3A727415C6577B000443E6 /* main.m */; };
		4D3A727915C6577B000443E6 /* CalculatorAppDelegate.m in Sources */ = {isa = PBXBuildFile; fileRef = 4D3A727815C6577B000443E6 /* CalculatorAppDelegate.m */; };
		4D3A727C15C6577B000443E6 /* MainStoryboard.storyboard in Resources */ = {isa = PBXBuildFile; fileRef = 4D3A727A15C6577B000443E6 /* MainStoryboard.storyboard */; };
		4D3A727F15C6577B000443E6 /* CalculatorViewController.m in Sources */ = {isa = PBXBuildFile; fileRef = 4D3A727E15C6577B000443E6 /* CalculatorViewController.m */; };
/* End PBXBuildFile section */

/* Begin PBXFileReference section */
		4D3A726415C6577B000443E6 /* RPN-Calc.app */ = {isa = PBXFileReference; explicitFileType = wrapper.application; includeInIndex = 0; path = "RPN-Calc.app"; sourceTree = BUILT_PRODUCTS_DIR; };
		4D3A726815C6577B000443E6 /* UIKit.framework */ = {isa = PBXFileReference; lastKnownFileType = wrapper.framework; name = UIKit.framework; path = System/Library/Frameworks/UIKit.framework; sourceTree = SDKROOT; };
		4D3A726A15C6577B000443E6 /* Foundation.framework */ = {isa = PBXFileReference; lastKnownFileType = wrapper.framework; name = Foundation.framework; path = System/Library/Frameworks/Foundation.framework; sourceTree = SDKROOT; };
		4D3A726C15C6577B000443E6 /* CoreGraphics.framework */ = {isa = PBXFileReference; lastKnownFileType = wrapper.framework; name = CoreGraphics.framework; path = System/Library/Frameworks/CoreGraphics.framework; sourceTree = SDKROOT; };
		4D3A727015C6577B000443E6 /* RPN-Calc-Info.plist */ = {isa = PBXFileReference; lastKnownFileType = text.plist.xml; path = "RPN-Calc-Info.plist"; sourceTree = "<group>"; };
		4D3A727215C6577B000443E6 /* en */ = {isa = PBXFileReference; lastKnownFileType = text.plist.strings; name = en; path = en.lproj/InfoPlist.strings; sourceTree = "<group>"; };
		4D3A727415C6577B000443E6 /* main.m */ = {isa = PBXFileReference; lastKnownFileType = sourcecode.c.objc; path = main.m; sourceTree = "<group>"; };
		4D3A727615C6577B000443E6 /* RPN-Calc-Prefix.pch */ = {isa = PBXFileReference; lastKnownFileType = sourcecode.c.h; path = "RPN-Calc-Prefix.pch"; sourceTree = "<group>"; };
		4D3A727715C6577B000443E6 /* CalculatorAppDelegate.h */ = {isa = PBXFileReference; lastKnownFileType = sourcecode.c.h; path = CalculatorAppDelegate.h; sourceTree = "<group>"; };
		4D3A727815C6577B000443E6 /* CalculatorAppDelegate.m */ = {isa = PBXFileReference; lastKnownFileType = sourcecode.c.objc; path = CalculatorAppDelegate.m; sourceTree = "<group>"; };
		4D3A727B15C6577B000443E6 /* en */ = {isa = PBXFileReference; lastKnownFileType = file.storyboard; name = en; path = en.lproj/MainStoryboard.storyboard; sourceTree = "<group>"; };
		4D3A727D15C6577B000443E6 /* CalculatorViewController.h */ = {isa = PBXFileReference; lastKnownFileType = sourcecode.c.h; path = CalculatorViewController.h; sourceTree = "<group>"; };
		4D3A727E15C6577B000443E6 /* CalculatorViewController.m */ = {isa = PBXFileReference; lastKnownFileType = sourcecode.c.objc; path = CalculatorViewController.m; sourceTree = "<group>"; };
/* End PBXFileReference section */

/* Begin PBXFrameworksBuildPhase section */
		4D3A726115C6577B000443E6 /* Frameworks */ = {
			isa = PBXFrameworksBuildPhase;
			buildActionMask = 2147483647;
			files = (
				4D3A726915C6577B000443E6 /* UIKit.framework in Frameworks */,
				4D3A726B15C6577B000443E6 /* Foundation.framework in Frameworks */,
				4D3A726D15C6577B000443E6 /* CoreGraphics.framework in Frameworks */,
			);
			runOnlyForDeploymentPostprocessing = 0;
		};
/* End PBXFrameworksBuildPhase section */

/* Begin PBXGroup section */
		4D3A725915C6577B000443E6 = {
			isa = PBXGroup;
			children = (
				4D3A726E15C6577B000443E6 /* RPN-Calc */,
				4D3A726715C6577B000443E6 /* Frameworks */,
				4D3A726515C6577B000443E6 /* Products */,
			);
			sourceTree = "<group>";
		};
		4D3A726515C6577B000443E6 /* Products */ = {
			isa = PBXGroup;
			children = (
				4D3A726415C6577B000443E6 /* RPN-Calc.app */,
			);
			name = Products;
			sourceTree = "<group>";
		};
		4D3A726715C6577B000443E6 /* Frameworks */ = {
			isa = PBXGroup;
			children = (
				4D3A726815C6577B000443E6 /* UIKit.framework */,
				4D3A726A15C6577B000443E6 /* Foundation.framework */,
				4D3A726C15C6577B000443E6 /* CoreGraphics.framework */,
			);
			name = Frameworks;
			sourceTree = "<group>";
		};
		4D3A726E15C6577B000443E6 /* RPN-Calc */ = {
			isa = PBXGroup;
			children = (
				4D3A727715C6577B000443E6 /* CalculatorAppDelegate.h */,
				4D3A727815C6577B000443E6 /* CalculatorAppDelegate.m */,
				4D3A727A15C6577B000443E6 /* MainStoryboard.storyboard */,
				4D3A727D15C6577B000443E6 /* CalculatorViewController.h */,
				4D3A727E15C6577B000443E6 /* CalculatorViewController.m */,
				4D3A726F15C6577B000443E6 /* Supporting Files */,
			);
			path = "RPN-Calc";
			sourceTree = "<group>";
		};
		4D3A726F15C6577B000443E6 /* Supporting Files */ = {
			isa = PBXGroup;
			children = (
				4D3A727015C6577B000443E6 /* RPN-Calc-Info.plist */,
				4D3A727115C6577B000443E6 /* InfoPlist.strings */,
				4D3A727415C6577B000443E6 /* main.m */,
				4D3A727615C6577B000443E6 /* RPN-Calc-Prefix.pch */,
			);
			name = "Supporting Files";
			sourceTree = "<group>";
		};
/* End PBXGroup section */

/* Begin PBXNativeTarget section */
		4D3A726315C6577B000443E6 /* RPN-Calc */ = {
			isa = PBXNativeTarget;
			buildConfigurationList = 4D3A728215C6577B000443E6 /* Build configuration list for PBXNativeTarget "RPN-Calc" */;
			buildPhases = (
				4D3A726015C6577B000443E6 /* Sources */,
				4D3A726115C6577B000443E6 /* Frameworks */,
				4D3A726215C6577B000443E6 /* Resources */,
			);
			buildRules = (
			);
			dependencies = (
			);
			name = "RPN-Calc";
			productName = "RPN-Calc";
			productReference = 4D3A726415C6577B000443E6 /* RPN-Calc.app */;
			productType = "com.apple.product-type.application";
		};
/* End PBXNativeTarget section */

/* Begin PBXProject section */
		4D3A725B15C6577B000443E6 /* Project object */ = {
			isa = PBXProject;
			attributes = {
				CLASSPREFIX = Calculator;
				LastUpgradeCheck = 0440;
				ORGANIZATIONNAME = "Parthiv dave";
			};
			buildConfigurationList = 4D3A725E15C6577B000443E6 /* Build configuration list for PBXProject "RPN-Calc" */;
			compatibilityVersion = "Xcode 3.2";
			developmentRegion = English;
			hasScannedForEncodings = 0;
			knownRegions = (
				en,
			);
			mainGroup = 4D3A725915C6577B000443E6;
			productRefGroup = 4D3A726515C6577B000443E6 /* Products */;
			projectDirPath = "";
			projectRoot = "";
			targets = (
				4D3A726315C6577B000443E6 /* RPN-Calc */,
			);
		};
/* End PBXProject section */

/* Begin PBXResourcesBuildPhase section */
		4D3A726215C6577B000443E6 /* Resources */ = {
			isa = PBXResourcesBuildPhase;
			buildActionMask = 2147483647;
			files = (
				4D3A727315C6577B000443E6 /* InfoPlist.strings in Resources */,
				4D3A727C15C6577B000443E6 /* MainStoryboard.storyboard in Resources */,
			);
			runOnlyForDeploymentPostprocessing = 0;
		};
/* End PBXResourcesBuildPhase section */

/* Begin PBXSourcesBuildPhase section */
		4D3A726015C6577B000443E6 /* Sources */ = {
			isa = PBXSourcesBuildPhase;
			buildActionMask = 2147483647;
			files = (
				4D3A727515C6577B000443E6 /* main.m in Sources */,
				4D3A727915C6577B000443E6 /* CalculatorAppDelegate.m in Sources */,
				4D3A727F15C6577B000443E6 /* CalculatorViewController.m in Sources */,
			);
			runOnlyForDeploymentPostprocessing = 0;
		};
/* End PBXSourcesBuildPhase section */

/* Begin PBXVariantGroup section */
		4D3A727115C6577B000443E6 /* InfoPlist.strings */ = {
			isa = PBXVariantGroup;
			children = (
				4D3A727215C6577B000443E6 /* en */,
			);
			name = InfoPlist.strings;
			sourceTree = "<group>";
		};
		4D3A727A15C6577B000443E6 /* MainStoryboard.storyboard */ = {
			isa = PBXVariantGroup;
			children = (
				4D3A727B15C6577B000443E6 /* en */,
			);
			name = MainStoryboard.storyboard;
			sourceTree = "<group>";
		};
/* End PBXVariantGroup section */

/* Begin XCBuildConfiguration section */
		4D3A728015C6577B000443E6 /* Debug */ = {
			isa = XCBuildConfiguration;
			buildSettings = {
				ALWAYS_SEARCH_USER_PATHS = NO;
				ARCHS = "$(ARCHS_STANDARD_32_BIT)";
				CLANG_CXX_LANGUAGE_STANDARD = "gnu++0x";
				CLANG_ENABLE_OBJC_ARC = YES;
				CLANG_WARN__DUPLICATE_METHOD_MATCH = YES;
				"CODE_SIGN_IDENTITY[sdk=iphoneos*]" = "iPhone Developer";
				COPY_PHASE_STRIP = NO;
				GCC_C_LANGUAGE_STANDARD = gnu99;
				GCC_DYNAMIC_NO_PIC = NO;
				GCC_OPTIMIZATION_LEVEL = 0;
				GCC_PREPROCESSOR_DEFINITIONS = (
					"DEBUG=1",
					"$(inherited)",
				);
				GCC_SYMBOLS_PRIVATE_EXTERN = NO;
				GCC_VERSION = com.apple.compilers.llvm.clang.1_0;
				GCC_WARN_ABOUT_RETURN_TYPE = YES;
				GCC_WARN_UNINITIALIZED_AUTOS = YES;
				GCC_WARN_UNUSED_VARIABLE = YES;
				IPHONEOS_DEPLOYMENT_TARGET = 5.1;
				SDKROOT = iphoneos;
			};
			name = Debug;
		};
		4D3A728115C6577B000443E6 /* Release */ = {
			isa = XCBuildConfiguration;
			buildSettings = {
				ALWAYS_SEARCH_USER_PATHS = NO;
				ARCHS = "$(ARCHS_STANDARD_32_BIT)";
				CLANG_CXX_LANGUAGE_STANDARD = "gnu++0x";
				CLANG_ENABLE_OBJC_ARC = YES;
				CLANG_WARN__DUPLICATE_METHOD_MATCH = YES;
				"CODE_SIGN_IDENTITY[sdk=iphoneos*]" = "iPhone Developer";
				COPY_PHASE_STRIP = YES;
				GCC_C_LANGUAGE_STANDARD = gnu99;
				GCC_VERSION = com.apple.compilers.llvm.clang.1_0;
				GCC_WARN_ABOUT_RETURN_TYPE = YES;
				GCC_WARN_UNINITIALIZED_AUTOS = YES;
				GCC_WARN_UNUSED_VARIABLE = YES;
				IPHONEOS_DEPLOYMENT_TARGET = 5.1;
				OTHER_CFLAGS = "-DNS_BLOCK_ASSERTIONS=1";
				SDKROOT = iphoneos;
				VALIDATE_PRODUCT = YES;
			};
			name = Release;
		};
		4D3A728315C6577B000443E6 /* Debug */ = {
			isa = XCBuildConfiguration;
			buildSettings = {
				GCC_PRECOMPILE_PREFIX_HEADER = YES;
				GCC_PREFIX_HEADER = "RPN-Calc/RPN-Calc-Prefix.pch";
				INFOPLIST_FILE = "RPN-Calc/RPN-Calc-Info.plist";
				PRODUCT_NAME = "$(TARGET_NAME)";
				WRAPPER_EXTENSION = app;
			};
			name = Debug;
		};
		4D3A728415C6577B000443E6 /* Release */ = {
			isa = XCBuildConfiguration;
			buildSettings = {
				GCC_PRECOMPILE_PREFIX_HEADER = YES;
				GCC_PREFIX_HEADER = "RPN-Calc/RPN-Calc-Prefix.pch";
				INFOPLIST_FILE = "RPN-Calc/RPN-Calc-Info.plist";
				PRODUCT_NAME = "$(TARGET_NAME)";
				WRAPPER_EXTENSION = app;
			};
			name = Release;
		};
/* End XCBuildConfiguration section */

/* Begin XCConfigurationList section */
		4D3A725E15C6577B000443E6 /* Build configuration list for PBXProject "RPN-Calc" */ = {
			isa = XCConfigurationList;
			buildConfigurations = (
				4D3A728015C6577B000443E6 /* Debug */,
				4D3A728115C6577B000443E6 /* Release */,
			);
			defaultConfigurationIsVisible = 0;
			defaultConfigurationName = Release;
		};
		4D3A728215C6577B000443E6 /* Build configuration list for PBXNativeTarget "RPN-Calc" */ = {
			isa = XCConfigurationList;
			buildConfigurations = (
				4D3A728315C6577B000443E6 /* Debug */,
				4D3A728415C6577B000443E6 /* Release */,
			);
			defaultConfigurationIsVisible = 0;
		};
/* End XCConfigurationList section */
	};
	rootObject = 4D3A725B15C6577B000443E6 /* Project object */;
}
